// !$*UTF8*$!
{
	archiveVersion = 1;
	classes = {
	};
	objectVersion = 56;
	objects = {

/* Begin PBXBuildFile section */
		121971952A8780B700F832F4 /* CodeBlockView.swift in Sources */ = {isa = PBXBuildFile; fileRef = 121971942A8780B700F832F4 /* CodeBlockView.swift */; };
		121971972A8780F400F832F4 /* MarkdownAttributedStringParser.swift in Sources */ = {isa = PBXBuildFile; fileRef = 121971962A8780F400F832F4 /* MarkdownAttributedStringParser.swift */; };
		121971992A8781AD00F832F4 /* ParserResult.swift in Sources */ = {isa = PBXBuildFile; fileRef = 121971982A8781AD00F832F4 /* ParserResult.swift */; };
		1219719B2A8781FF00F832F4 /* ResponseParsingTask.swift in Sources */ = {isa = PBXBuildFile; fileRef = 1219719A2A8781FF00F832F4 /* ResponseParsingTask.swift */; };
		1261C1F62A853CB8007F6C0E /* MessageRow.swift in Sources */ = {isa = PBXBuildFile; fileRef = 1261C1F52A853CB8007F6C0E /* MessageRow.swift */; };
		1261C1F82A853FCE007F6C0E /* ViewModel.swift in Sources */ = {isa = PBXBuildFile; fileRef = 1261C1F72A853FCE007F6C0E /* ViewModel.swift */; };
		1261C1FA2A8541FE007F6C0E /* DotLoadingView.swift in Sources */ = {isa = PBXBuildFile; fileRef = 1261C1F92A8541FE007F6C0E /* DotLoadingView.swift */; };
		1261C1FC2A8545D6007F6C0E /* MessageRowView.swift in Sources */ = {isa = PBXBuildFile; fileRef = 1261C1FB2A8545D6007F6C0E /* MessageRowView.swift */; };
		1261C2042A863F68007F6C0E /* PWChatGPTMacApp.swift in Sources */ = {isa = PBXBuildFile; fileRef = 1261C2032A863F68007F6C0E /* PWChatGPTMacApp.swift */; };
		1261C2082A863F6C007F6C0E /* Assets.xcassets in Resources */ = {isa = PBXBuildFile; fileRef = 1261C2072A863F6C007F6C0E /* Assets.xcassets */; };
		1261C20B2A863F6C007F6C0E /* Preview Assets.xcassets in Resources */ = {isa = PBXBuildFile; fileRef = 1261C20A2A863F6C007F6C0E /* Preview Assets.xcassets */; };
		1261C2102A863F83007F6C0E /* MessageRow.swift in Sources */ = {isa = PBXBuildFile; fileRef = 1261C1F52A853CB8007F6C0E /* MessageRow.swift */; };
		1261C2112A863F83007F6C0E /* ChatGPTAPIModels.swift in Sources */ = {isa = PBXBuildFile; fileRef = 2CB3A5122A83CCE800DF02D2 /* ChatGPTAPIModels.swift */; };
		1261C2122A863F83007F6C0E /* ViewModel.swift in Sources */ = {isa = PBXBuildFile; fileRef = 1261C1F72A853FCE007F6C0E /* ViewModel.swift */; };
		1261C2132A863F83007F6C0E /* ChatGPTAPI.swift in Sources */ = {isa = PBXBuildFile; fileRef = 2CB3A50E2A83998B00DF02D2 /* ChatGPTAPI.swift */; };
		1261C2142A863FCC007F6C0E /* MessageRowView.swift in Sources */ = {isa = PBXBuildFile; fileRef = 1261C1FB2A8545D6007F6C0E /* MessageRowView.swift */; };
		1261C2152A863FCC007F6C0E /* ContentView.swift in Sources */ = {isa = PBXBuildFile; fileRef = 2CB3A4E52A837CC900DF02D2 /* ContentView.swift */; };
		1261C2162A863FCC007F6C0E /* DotLoadingView.swift in Sources */ = {isa = PBXBuildFile; fileRef = 1261C1F92A8541FE007F6C0E /* DotLoadingView.swift */; };
		1261C2192A867D91007F6C0E /* Markdown in Frameworks */ = {isa = PBXBuildFile; productRef = 1261C2182A867D91007F6C0E /* Markdown */; };
		12C3B5932A878B7700EA63B5 /* Highlighter in Frameworks */ = {isa = PBXBuildFile; productRef = 12C3B5922A878B7700EA63B5 /* Highlighter */; };
		2CB3A4E42A837CC900DF02D2 /* PWChatGPTApp.swift in Sources */ = {isa = PBXBuildFile; fileRef = 2CB3A4E32A837CC900DF02D2 /* PWChatGPTApp.swift */; };
		2CB3A4E62A837CC900DF02D2 /* ContentView.swift in Sources */ = {isa = PBXBuildFile; fileRef = 2CB3A4E52A837CC900DF02D2 /* ContentView.swift */; };
		2CB3A4E82A837CCB00DF02D2 /* Assets.xcassets in Resources */ = {isa = PBXBuildFile; fileRef = 2CB3A4E72A837CCB00DF02D2 /* Assets.xcassets */; };
		2CB3A4EC2A837CCB00DF02D2 /* Preview Assets.xcassets in Resources */ = {isa = PBXBuildFile; fileRef = 2CB3A4EB2A837CCB00DF02D2 /* Preview Assets.xcassets */; };
		2CB3A4F62A837CCC00DF02D2 /* PWChatGPTTests.swift in Sources */ = {isa = PBXBuildFile; fileRef = 2CB3A4F52A837CCC00DF02D2 /* PWChatGPTTests.swift */; };
		2CB3A5002A837CCC00DF02D2 /* PWChatGPTUITests.swift in Sources */ = {isa = PBXBuildFile; fileRef = 2CB3A4FF2A837CCC00DF02D2 /* PWChatGPTUITests.swift */; };
		2CB3A5022A837CCC00DF02D2 /* PWChatGPTUITestsLaunchTests.swift in Sources */ = {isa = PBXBuildFile; fileRef = 2CB3A5012A837CCC00DF02D2 /* PWChatGPTUITestsLaunchTests.swift */; };
		2CB3A50F2A83998B00DF02D2 /* ChatGPTAPI.swift in Sources */ = {isa = PBXBuildFile; fileRef = 2CB3A50E2A83998B00DF02D2 /* ChatGPTAPI.swift */; };
		2CB3A5132A83CCE800DF02D2 /* ChatGPTAPIModels.swift in Sources */ = {isa = PBXBuildFile; fileRef = 2CB3A5122A83CCE800DF02D2 /* ChatGPTAPIModels.swift */; };
/* End PBXBuildFile section */

/* Begin PBXContainerItemProxy section */
		2CB3A4F22A837CCC00DF02D2 /* PBXContainerItemProxy */ = {
			isa = PBXContainerItemProxy;
			containerPortal = 2CB3A4D82A837CC900DF02D2 /* Project object */;
			proxyType = 1;
			remoteGlobalIDString = 2CB3A4DF2A837CC900DF02D2;
			remoteInfo = PWChatGPT;
		};
		2CB3A4FC2A837CCC00DF02D2 /* PBXContainerItemProxy */ = {
			isa = PBXContainerItemProxy;
			containerPortal = 2CB3A4D82A837CC900DF02D2 /* Project object */;
			proxyType = 1;
			remoteGlobalIDString = 2CB3A4DF2A837CC900DF02D2;
			remoteInfo = PWChatGPT;
		};
/* End PBXContainerItemProxy section */

/* Begin PBXFileReference section */
		121971942A8780B700F832F4 /* CodeBlockView.swift */ = {isa = PBXFileReference; lastKnownFileType = sourcecode.swift; path = CodeBlockView.swift; sourceTree = "<group>"; };
		121971962A8780F400F832F4 /* MarkdownAttributedStringParser.swift */ = {isa = PBXFileReference; lastKnownFileType = sourcecode.swift; path = MarkdownAttributedStringParser.swift; sourceTree = "<group>"; };
		121971982A8781AD00F832F4 /* ParserResult.swift */ = {isa = PBXFileReference; lastKnownFileType = sourcecode.swift; path = ParserResult.swift; sourceTree = "<group>"; };
		1219719A2A8781FF00F832F4 /* ResponseParsingTask.swift */ = {isa = PBXFileReference; lastKnownFileType = sourcecode.swift; path = ResponseParsingTask.swift; sourceTree = "<group>"; };
		1261C1F52A853CB8007F6C0E /* MessageRow.swift */ = {isa = PBXFileReference; lastKnownFileType = sourcecode.swift; path = MessageRow.swift; sourceTree = "<group>"; };
		1261C1F72A853FCE007F6C0E /* ViewModel.swift */ = {isa = PBXFileReference; lastKnownFileType = sourcecode.swift; path = ViewModel.swift; sourceTree = "<group>"; };
		1261C1F92A8541FE007F6C0E /* DotLoadingView.swift */ = {isa = PBXFileReference; lastKnownFileType = sourcecode.swift; path = DotLoadingView.swift; sourceTree = "<group>"; };
		1261C1FB2A8545D6007F6C0E /* MessageRowView.swift */ = {isa = PBXFileReference; lastKnownFileType = sourcecode.swift; path = MessageRowView.swift; sourceTree = "<group>"; };
		1261C2012A863F68007F6C0E /* PWChatGPTMac.app */ = {isa = PBXFileReference; explicitFileType = wrapper.application; includeInIndex = 0; path = PWChatGPTMac.app; sourceTree = BUILT_PRODUCTS_DIR; };
		1261C2032A863F68007F6C0E /* PWChatGPTMacApp.swift */ = {isa = PBXFileReference; lastKnownFileType = sourcecode.swift; path = PWChatGPTMacApp.swift; sourceTree = "<group>"; };
		1261C2072A863F6C007F6C0E /* Assets.xcassets */ = {isa = PBXFileReference; lastKnownFileType = folder.assetcatalog; path = Assets.xcassets; sourceTree = "<group>"; };
		1261C20A2A863F6C007F6C0E /* Preview Assets.xcassets */ = {isa = PBXFileReference; lastKnownFileType = folder.assetcatalog; path = "Preview Assets.xcassets"; sourceTree = "<group>"; };
		1261C20C2A863F6C007F6C0E /* PWChatGPTMac.entitlements */ = {isa = PBXFileReference; lastKnownFileType = text.plist.entitlements; path = PWChatGPTMac.entitlements; sourceTree = "<group>"; };
		2CB3A4E02A837CC900DF02D2 /* PWChatGPT.app */ = {isa = PBXFileReference; explicitFileType = wrapper.application; includeInIndex = 0; path = PWChatGPT.app; sourceTree = BUILT_PRODUCTS_DIR; };
		2CB3A4E32A837CC900DF02D2 /* PWChatGPTApp.swift */ = {isa = PBXFileReference; lastKnownFileType = sourcecode.swift; path = PWChatGPTApp.swift; sourceTree = "<group>"; };
		2CB3A4E52A837CC900DF02D2 /* ContentView.swift */ = {isa = PBXFileReference; lastKnownFileType = sourcecode.swift; path = ContentView.swift; sourceTree = "<group>"; };
		2CB3A4E72A837CCB00DF02D2 /* Assets.xcassets */ = {isa = PBXFileReference; lastKnownFileType = folder.assetcatalog; path = Assets.xcassets; sourceTree = "<group>"; };
		2CB3A4E92A837CCB00DF02D2 /* PWChatGPT.entitlements */ = {isa = PBXFileReference; lastKnownFileType = text.plist.entitlements; path = PWChatGPT.entitlements; sourceTree = "<group>"; };
		2CB3A4EB2A837CCB00DF02D2 /* Preview Assets.xcassets */ = {isa = PBXFileReference; lastKnownFileType = folder.assetcatalog; path = "Preview Assets.xcassets"; sourceTree = "<group>"; };
		2CB3A4F12A837CCC00DF02D2 /* PWChatGPTTests.xctest */ = {isa = PBXFileReference; explicitFileType = wrapper.cfbundle; includeInIndex = 0; path = PWChatGPTTests.xctest; sourceTree = BUILT_PRODUCTS_DIR; };
		2CB3A4F52A837CCC00DF02D2 /* PWChatGPTTests.swift */ = {isa = PBXFileReference; lastKnownFileType = sourcecode.swift; path = PWChatGPTTests.swift; sourceTree = "<group>"; };
		2CB3A4FB2A837CCC00DF02D2 /* PWChatGPTUITests.xctest */ = {isa = PBXFileReference; explicitFileType = wrapper.cfbundle; includeInIndex = 0; path = PWChatGPTUITests.xctest; sourceTree = BUILT_PRODUCTS_DIR; };
		2CB3A4FF2A837CCC00DF02D2 /* PWChatGPTUITests.swift */ = {isa = PBXFileReference; lastKnownFileType = sourcecode.swift; path = PWChatGPTUITests.swift; sourceTree = "<group>"; };
		2CB3A5012A837CCC00DF02D2 /* PWChatGPTUITestsLaunchTests.swift */ = {isa = PBXFileReference; lastKnownFileType = sourcecode.swift; path = PWChatGPTUITestsLaunchTests.swift; sourceTree = "<group>"; };
		2CB3A50E2A83998B00DF02D2 /* ChatGPTAPI.swift */ = {isa = PBXFileReference; lastKnownFileType = sourcecode.swift; path = ChatGPTAPI.swift; sourceTree = "<group>"; };
		2CB3A5122A83CCE800DF02D2 /* ChatGPTAPIModels.swift */ = {isa = PBXFileReference; lastKnownFileType = sourcecode.swift; path = ChatGPTAPIModels.swift; sourceTree = "<group>"; };
		2CB3A5142A83F4E700DF02D2 /* Info.plist */ = {isa = PBXFileReference; lastKnownFileType = text.plist; path = Info.plist; sourceTree = "<group>"; };
/* End PBXFileReference section */

/* Begin PBXFrameworksBuildPhase section */
		1261C1FE2A863F68007F6C0E /* Frameworks */ = {
			isa = PBXFrameworksBuildPhase;
			buildActionMask = 2147483647;
			files = (
			);
			runOnlyForDeploymentPostprocessing = 0;
		};
		2CB3A4DD2A837CC900DF02D2 /* Frameworks */ = {
			isa = PBXFrameworksBuildPhase;
			buildActionMask = 2147483647;
			files = (
				12C3B5932A878B7700EA63B5 /* Highlighter in Frameworks */,
				1261C2192A867D91007F6C0E /* Markdown in Frameworks */,
			);
			runOnlyForDeploymentPostprocessing = 0;
		};
		2CB3A4EE2A837CCC00DF02D2 /* Frameworks */ = {
			isa = PBXFrameworksBuildPhase;
			buildActionMask = 2147483647;
			files = (
			);
			runOnlyForDeploymentPostprocessing = 0;
		};
		2CB3A4F82A837CCC00DF02D2 /* Frameworks */ = {
			isa = PBXFrameworksBuildPhase;
			buildActionMask = 2147483647;
			files = (
			);
			runOnlyForDeploymentPostprocessing = 0;
		};
/* End PBXFrameworksBuildPhase section */

/* Begin PBXGroup section */
		1261C2022A863F68007F6C0E /* PWChatGPTMac */ = {
			isa = PBXGroup;
			children = (
				1261C2032A863F68007F6C0E /* PWChatGPTMacApp.swift */,
				1261C2072A863F6C007F6C0E /* Assets.xcassets */,
				1261C20C2A863F6C007F6C0E /* PWChatGPTMac.entitlements */,
				1261C2092A863F6C007F6C0E /* Preview Content */,
			);
			path = PWChatGPTMac;
			sourceTree = "<group>";
		};
		1261C2092A863F6C007F6C0E /* Preview Content */ = {
			isa = PBXGroup;
			children = (
				1261C20A2A863F6C007F6C0E /* Preview Assets.xcassets */,
			);
			path = "Preview Content";
			sourceTree = "<group>";
		};
		2CB3A4D72A837CC900DF02D2 = {
			isa = PBXGroup;
			children = (
				2CB3A4E22A837CC900DF02D2 /* PWChatGPT */,
				2CB3A4F42A837CCC00DF02D2 /* PWChatGPTTests */,
				2CB3A4FE2A837CCC00DF02D2 /* PWChatGPTUITests */,
				1261C2022A863F68007F6C0E /* PWChatGPTMac */,
				2CB3A4E12A837CC900DF02D2 /* Products */,
			);
			sourceTree = "<group>";
		};
		2CB3A4E12A837CC900DF02D2 /* Products */ = {
			isa = PBXGroup;
			children = (
				2CB3A4E02A837CC900DF02D2 /* PWChatGPT.app */,
				2CB3A4F12A837CCC00DF02D2 /* PWChatGPTTests.xctest */,
				2CB3A4FB2A837CCC00DF02D2 /* PWChatGPTUITests.xctest */,
				1261C2012A863F68007F6C0E /* PWChatGPTMac.app */,
			);
			name = Products;
			sourceTree = "<group>";
		};
		2CB3A4E22A837CC900DF02D2 /* PWChatGPT */ = {
			isa = PBXGroup;
			children = (
				2CB3A5112A8399C000DF02D2 /* Views */,
				2CB3A5102A83999500DF02D2 /* HelperClasses */,
				2CB3A4E32A837CC900DF02D2 /* PWChatGPTApp.swift */,
				2CB3A4E72A837CCB00DF02D2 /* Assets.xcassets */,
				2CB3A4E92A837CCB00DF02D2 /* PWChatGPT.entitlements */,
				2CB3A5142A83F4E700DF02D2 /* Info.plist */,
				2CB3A4EA2A837CCB00DF02D2 /* Preview Content */,
			);
			path = PWChatGPT;
			sourceTree = "<group>";
		};
		2CB3A4EA2A837CCB00DF02D2 /* Preview Content */ = {
			isa = PBXGroup;
			children = (
				2CB3A4EB2A837CCB00DF02D2 /* Preview Assets.xcassets */,
			);
			path = "Preview Content";
			sourceTree = "<group>";
		};
		2CB3A4F42A837CCC00DF02D2 /* PWChatGPTTests */ = {
			isa = PBXGroup;
			children = (
				2CB3A4F52A837CCC00DF02D2 /* PWChatGPTTests.swift */,
			);
			path = PWChatGPTTests;
			sourceTree = "<group>";
		};
		2CB3A4FE2A837CCC00DF02D2 /* PWChatGPTUITests */ = {
			isa = PBXGroup;
			children = (
				2CB3A4FF2A837CCC00DF02D2 /* PWChatGPTUITests.swift */,
				2CB3A5012A837CCC00DF02D2 /* PWChatGPTUITestsLaunchTests.swift */,
			);
			path = PWChatGPTUITests;
			sourceTree = "<group>";
		};
		2CB3A5102A83999500DF02D2 /* HelperClasses */ = {
			isa = PBXGroup;
			children = (
				2CB3A50E2A83998B00DF02D2 /* ChatGPTAPI.swift */,
				2CB3A5122A83CCE800DF02D2 /* ChatGPTAPIModels.swift */,
				1261C1F52A853CB8007F6C0E /* MessageRow.swift */,
				1261C1F72A853FCE007F6C0E /* ViewModel.swift */,
				121971962A8780F400F832F4 /* MarkdownAttributedStringParser.swift */,
				121971982A8781AD00F832F4 /* ParserResult.swift */,
				1219719A2A8781FF00F832F4 /* ResponseParsingTask.swift */,
			);
			path = HelperClasses;
			sourceTree = "<group>";
		};
		2CB3A5112A8399C000DF02D2 /* Views */ = {
			isa = PBXGroup;
			children = (
				2CB3A4E52A837CC900DF02D2 /* ContentView.swift */,
				1261C1FB2A8545D6007F6C0E /* MessageRowView.swift */,
				1261C1F92A8541FE007F6C0E /* DotLoadingView.swift */,
				121971942A8780B700F832F4 /* CodeBlockView.swift */,
			);
			path = Views;
			sourceTree = "<group>";
		};
/* End PBXGroup section */

/* Begin PBXNativeTarget section */
		1261C2002A863F68007F6C0E /* PWChatGPTMac */ = {
			isa = PBXNativeTarget;
			buildConfigurationList = 1261C20F2A863F6C007F6C0E /* Build configuration list for PBXNativeTarget "PWChatGPTMac" */;
			buildPhases = (
				1261C1FD2A863F68007F6C0E /* Sources */,
				1261C1FE2A863F68007F6C0E /* Frameworks */,
				1261C1FF2A863F68007F6C0E /* Resources */,
			);
			buildRules = (
			);
			dependencies = (
			);
			name = PWChatGPTMac;
			productName = PWChatGPTMac;
			productReference = 1261C2012A863F68007F6C0E /* PWChatGPTMac.app */;
			productType = "com.apple.product-type.application";
		};
		2CB3A4DF2A837CC900DF02D2 /* PWChatGPT */ = {
			isa = PBXNativeTarget;
			buildConfigurationList = 2CB3A5052A837CCC00DF02D2 /* Build configuration list for PBXNativeTarget "PWChatGPT" */;
			buildPhases = (
				2CB3A4DC2A837CC900DF02D2 /* Sources */,
				2CB3A4DD2A837CC900DF02D2 /* Frameworks */,
				2CB3A4DE2A837CC900DF02D2 /* Resources */,
			);
			buildRules = (
			);
			dependencies = (
			);
			name = PWChatGPT;
			packageProductDependencies = (
				1261C2182A867D91007F6C0E /* Markdown */,
				12C3B5922A878B7700EA63B5 /* Highlighter */,
			);
			productName = PWChatGPT;
			productReference = 2CB3A4E02A837CC900DF02D2 /* PWChatGPT.app */;
			productType = "com.apple.product-type.application";
		};
		2CB3A4F02A837CCC00DF02D2 /* PWChatGPTTests */ = {
			isa = PBXNativeTarget;
			buildConfigurationList = 2CB3A5082A837CCC00DF02D2 /* Build configuration list for PBXNativeTarget "PWChatGPTTests" */;
			buildPhases = (
				2CB3A4ED2A837CCC00DF02D2 /* Sources */,
				2CB3A4EE2A837CCC00DF02D2 /* Frameworks */,
				2CB3A4EF2A837CCC00DF02D2 /* Resources */,
			);
			buildRules = (
			);
			dependencies = (
				2CB3A4F32A837CCC00DF02D2 /* PBXTargetDependency */,
			);
			name = PWChatGPTTests;
			productName = PWChatGPTTests;
			productReference = 2CB3A4F12A837CCC00DF02D2 /* PWChatGPTTests.xctest */;
			productType = "com.apple.product-type.bundle.unit-test";
		};
		2CB3A4FA2A837CCC00DF02D2 /* PWChatGPTUITests */ = {
			isa = PBXNativeTarget;
			buildConfigurationList = 2CB3A50B2A837CCC00DF02D2 /* Build configuration list for PBXNativeTarget "PWChatGPTUITests" */;
			buildPhases = (
				2CB3A4F72A837CCC00DF02D2 /* Sources */,
				2CB3A4F82A837CCC00DF02D2 /* Frameworks */,
				2CB3A4F92A837CCC00DF02D2 /* Resources */,
			);
			buildRules = (
			);
			dependencies = (
				2CB3A4FD2A837CCC00DF02D2 /* PBXTargetDependency */,
			);
			name = PWChatGPTUITests;
			productName = PWChatGPTUITests;
			productReference = 2CB3A4FB2A837CCC00DF02D2 /* PWChatGPTUITests.xctest */;
			productType = "com.apple.product-type.bundle.ui-testing";
		};
/* End PBXNativeTarget section */

/* Begin PBXProject section */
		2CB3A4D82A837CC900DF02D2 /* Project object */ = {
			isa = PBXProject;
			attributes = {
				BuildIndependentTargetsInParallel = 1;
				LastSwiftUpdateCheck = 1420;
				LastUpgradeCheck = 1420;
				TargetAttributes = {
					1261C2002A863F68007F6C0E = {
						CreatedOnToolsVersion = 14.2;
					};
					2CB3A4DF2A837CC900DF02D2 = {
						CreatedOnToolsVersion = 14.2;
					};
					2CB3A4F02A837CCC00DF02D2 = {
						CreatedOnToolsVersion = 14.2;
						TestTargetID = 2CB3A4DF2A837CC900DF02D2;
					};
					2CB3A4FA2A837CCC00DF02D2 = {
						CreatedOnToolsVersion = 14.2;
						TestTargetID = 2CB3A4DF2A837CC900DF02D2;
					};
				};
			};
			buildConfigurationList = 2CB3A4DB2A837CC900DF02D2 /* Build configuration list for PBXProject "PWChatGPT" */;
			compatibilityVersion = "Xcode 14.0";
			developmentRegion = en;
			hasScannedForEncodings = 0;
			knownRegions = (
				en,
				Base,
			);
			mainGroup = 2CB3A4D72A837CC900DF02D2;
			packageReferences = (
				1261C2172A867D91007F6C0E /* XCRemoteSwiftPackageReference "swift-markdown" */,
				12C3B5912A878B7700EA63B5 /* XCRemoteSwiftPackageReference "HighlighterSwift" */,
			);
			productRefGroup = 2CB3A4E12A837CC900DF02D2 /* Products */;
			projectDirPath = "";
			projectRoot = "";
			targets = (
				2CB3A4DF2A837CC900DF02D2 /* PWChatGPT */,
				2CB3A4F02A837CCC00DF02D2 /* PWChatGPTTests */,
				2CB3A4FA2A837CCC00DF02D2 /* PWChatGPTUITests */,
				1261C2002A863F68007F6C0E /* PWChatGPTMac */,
			);
		};
/* End PBXProject section */

/* Begin PBXResourcesBuildPhase section */
		1261C1FF2A863F68007F6C0E /* Resources */ = {
			isa = PBXResourcesBuildPhase;
			buildActionMask = 2147483647;
			files = (
				1261C20B2A863F6C007F6C0E /* Preview Assets.xcassets in Resources */,
				1261C2082A863F6C007F6C0E /* Assets.xcassets in Resources */,
			);
			runOnlyForDeploymentPostprocessing = 0;
		};
		2CB3A4DE2A837CC900DF02D2 /* Resources */ = {
			isa = PBXResourcesBuildPhase;
			buildActionMask = 2147483647;
			files = (
				2CB3A4EC2A837CCB00DF02D2 /* Preview Assets.xcassets in Resources */,
				2CB3A4E82A837CCB00DF02D2 /* Assets.xcassets in Resources */,
			);
			runOnlyForDeploymentPostprocessing = 0;
		};
		2CB3A4EF2A837CCC00DF02D2 /* Resources */ = {
			isa = PBXResourcesBuildPhase;
			buildActionMask = 2147483647;
			files = (
			);
			runOnlyForDeploymentPostprocessing = 0;
		};
		2CB3A4F92A837CCC00DF02D2 /* Resources */ = {
			isa = PBXResourcesBuildPhase;
			buildActionMask = 2147483647;
			files = (
			);
			runOnlyForDeploymentPostprocessing = 0;
		};
/* End PBXResourcesBuildPhase section */

/* Begin PBXSourcesBuildPhase section */
		1261C1FD2A863F68007F6C0E /* Sources */ = {
			isa = PBXSourcesBuildPhase;
			buildActionMask = 2147483647;
			files = (
				1261C2132A863F83007F6C0E /* ChatGPTAPI.swift in Sources */,
				1261C2122A863F83007F6C0E /* ViewModel.swift in Sources */,
				1261C2152A863FCC007F6C0E /* ContentView.swift in Sources */,
				1261C2042A863F68007F6C0E /* PWChatGPTMacApp.swift in Sources */,
				1261C2142A863FCC007F6C0E /* MessageRowView.swift in Sources */,
				1261C2112A863F83007F6C0E /* ChatGPTAPIModels.swift in Sources */,
				1261C2102A863F83007F6C0E /* MessageRow.swift in Sources */,
				1261C2162A863FCC007F6C0E /* DotLoadingView.swift in Sources */,
			);
			runOnlyForDeploymentPostprocessing = 0;
		};
		2CB3A4DC2A837CC900DF02D2 /* Sources */ = {
			isa = PBXSourcesBuildPhase;
			buildActionMask = 2147483647;
			files = (
				2CB3A50F2A83998B00DF02D2 /* ChatGPTAPI.swift in Sources */,
				1261C1FA2A8541FE007F6C0E /* DotLoadingView.swift in Sources */,
				1219719B2A8781FF00F832F4 /* ResponseParsingTask.swift in Sources */,
				121971992A8781AD00F832F4 /* ParserResult.swift in Sources */,
				2CB3A4E62A837CC900DF02D2 /* ContentView.swift in Sources */,
				2CB3A5132A83CCE800DF02D2 /* ChatGPTAPIModels.swift in Sources */,
				2CB3A4E42A837CC900DF02D2 /* PWChatGPTApp.swift in Sources */,
				1261C1F82A853FCE007F6C0E /* ViewModel.swift in Sources */,
				121971972A8780F400F832F4 /* MarkdownAttributedStringParser.swift in Sources */,
				121971952A8780B700F832F4 /* CodeBlockView.swift in Sources */,
				1261C1F62A853CB8007F6C0E /* MessageRow.swift in Sources */,
				1261C1FC2A8545D6007F6C0E /* MessageRowView.swift in Sources */,
			);
			runOnlyForDeploymentPostprocessing = 0;
		};
		2CB3A4ED2A837CCC00DF02D2 /* Sources */ = {
			isa = PBXSourcesBuildPhase;
			buildActionMask = 2147483647;
			files = (
				2CB3A4F62A837CCC00DF02D2 /* PWChatGPTTests.swift in Sources */,
			);
			runOnlyForDeploymentPostprocessing = 0;
		};
		2CB3A4F72A837CCC00DF02D2 /* Sources */ = {
			isa = PBXSourcesBuildPhase;
			buildActionMask = 2147483647;
			files = (
				2CB3A5002A837CCC00DF02D2 /* PWChatGPTUITests.swift in Sources */,
				2CB3A5022A837CCC00DF02D2 /* PWChatGPTUITestsLaunchTests.swift in Sources */,
			);
			runOnlyForDeploymentPostprocessing = 0;
		};
/* End PBXSourcesBuildPhase section */

/* Begin PBXTargetDependency section */
		2CB3A4F32A837CCC00DF02D2 /* PBXTargetDependency */ = {
			isa = PBXTargetDependency;
			target = 2CB3A4DF2A837CC900DF02D2 /* PWChatGPT */;
			targetProxy = 2CB3A4F22A837CCC00DF02D2 /* PBXContainerItemProxy */;
		};
		2CB3A4FD2A837CCC00DF02D2 /* PBXTargetDependency */ = {
			isa = PBXTargetDependency;
			target = 2CB3A4DF2A837CC900DF02D2 /* PWChatGPT */;
			targetProxy = 2CB3A4FC2A837CCC00DF02D2 /* PBXContainerItemProxy */;
		};
/* End PBXTargetDependency section */

/* Begin XCBuildConfiguration section */
		1261C20D2A863F6C007F6C0E /* Debug */ = {
			isa = XCBuildConfiguration;
			buildSettings = {
				ASSETCATALOG_COMPILER_APPICON_NAME = AppIcon;
				ASSETCATALOG_COMPILER_GLOBAL_ACCENT_COLOR_NAME = AccentColor;
				CODE_SIGN_ENTITLEMENTS = PWChatGPTMac/PWChatGPTMac.entitlements;
				CODE_SIGN_STYLE = Automatic;
				COMBINE_HIDPI_IMAGES = YES;
				CURRENT_PROJECT_VERSION = 1;
				DEVELOPMENT_ASSET_PATHS = "\"PWChatGPTMac/Preview Content\"";
				DEVELOPMENT_TEAM = 4J9S92M97T;
				ENABLE_HARDENED_RUNTIME = YES;
				ENABLE_PREVIEWS = YES;
				GENERATE_INFOPLIST_FILE = YES;
				INFOPLIST_KEY_NSHumanReadableCopyright = "";
				LD_RUNPATH_SEARCH_PATHS = (
					"$(inherited)",
					"@executable_path/../Frameworks",
				);
				MACOSX_DEPLOYMENT_TARGET = 13.0;
				MARKETING_VERSION = 1.0;
				PRODUCT_BUNDLE_IDENTIFIER = pankaj.PWChatGPTMac;
				PRODUCT_NAME = "$(TARGET_NAME)";
				SDKROOT = macosx;
				SWIFT_EMIT_LOC_STRINGS = YES;
				SWIFT_VERSION = 5.0;
			};
			name = Debug;
		};
		1261C20E2A863F6C007F6C0E /* Release */ = {
			isa = XCBuildConfiguration;
			buildSettings = {
				ASSETCATALOG_COMPILER_APPICON_NAME = AppIcon;
				ASSETCATALOG_COMPILER_GLOBAL_ACCENT_COLOR_NAME = AccentColor;
				CODE_SIGN_ENTITLEMENTS = PWChatGPTMac/PWChatGPTMac.entitlements;
				CODE_SIGN_STYLE = Automatic;
				COMBINE_HIDPI_IMAGES = YES;
				CURRENT_PROJECT_VERSION = 1;
				DEVELOPMENT_ASSET_PATHS = "\"PWChatGPTMac/Preview Content\"";
				DEVELOPMENT_TEAM = 4J9S92M97T;
				ENABLE_HARDENED_RUNTIME = YES;
				ENABLE_PREVIEWS = YES;
				GENERATE_INFOPLIST_FILE = YES;
				INFOPLIST_KEY_NSHumanReadableCopyright = "";
				LD_RUNPATH_SEARCH_PATHS = (
					"$(inherited)",
					"@executable_path/../Frameworks",
				);
				MACOSX_DEPLOYMENT_TARGET = 13.0;
				MARKETING_VERSION = 1.0;
				PRODUCT_BUNDLE_IDENTIFIER = pankaj.PWChatGPTMac;
				PRODUCT_NAME = "$(TARGET_NAME)";
				SDKROOT = macosx;
				SWIFT_EMIT_LOC_STRINGS = YES;
				SWIFT_VERSION = 5.0;
			};
			name = Release;
		};
		2CB3A5032A837CCC00DF02D2 /* Debug */ = {
			isa = XCBuildConfiguration;
			buildSettings = {
				ALWAYS_SEARCH_USER_PATHS = NO;
				CLANG_ANALYZER_NONNULL = YES;
				CLANG_ANALYZER_NUMBER_OBJECT_CONVERSION = YES_AGGRESSIVE;
				CLANG_CXX_LANGUAGE_STANDARD = "gnu++20";
				CLANG_ENABLE_MODULES = YES;
				CLANG_ENABLE_OBJC_ARC = YES;
				CLANG_ENABLE_OBJC_WEAK = YES;
				CLANG_WARN_BLOCK_CAPTURE_AUTORELEASING = YES;
				CLANG_WARN_BOOL_CONVERSION = YES;
				CLANG_WARN_COMMA = YES;
				CLANG_WARN_CONSTANT_CONVERSION = YES;
				CLANG_WARN_DEPRECATED_OBJC_IMPLEMENTATIONS = YES;
				CLANG_WARN_DIRECT_OBJC_ISA_USAGE = YES_ERROR;
				CLANG_WARN_DOCUMENTATION_COMMENTS = YES;
				CLANG_WARN_EMPTY_BODY = YES;
				CLANG_WARN_ENUM_CONVERSION = YES;
				CLANG_WARN_INFINITE_RECURSION = YES;
				CLANG_WARN_INT_CONVERSION = YES;
				CLANG_WARN_NON_LITERAL_NULL_CONVERSION = YES;
				CLANG_WARN_OBJC_IMPLICIT_RETAIN_SELF = YES;
				CLANG_WARN_OBJC_LITERAL_CONVERSION = YES;
				CLANG_WARN_OBJC_ROOT_CLASS = YES_ERROR;
				CLANG_WARN_QUOTED_INCLUDE_IN_FRAMEWORK_HEADER = YES;
				CLANG_WARN_RANGE_LOOP_ANALYSIS = YES;
				CLANG_WARN_STRICT_PROTOTYPES = YES;
				CLANG_WARN_SUSPICIOUS_MOVE = YES;
				CLANG_WARN_UNGUARDED_AVAILABILITY = YES_AGGRESSIVE;
				CLANG_WARN_UNREACHABLE_CODE = YES;
				CLANG_WARN__DUPLICATE_METHOD_MATCH = YES;
				COPY_PHASE_STRIP = NO;
				DEBUG_INFORMATION_FORMAT = dwarf;
				ENABLE_STRICT_OBJC_MSGSEND = YES;
				ENABLE_TESTABILITY = YES;
				GCC_C_LANGUAGE_STANDARD = gnu11;
				GCC_DYNAMIC_NO_PIC = NO;
				GCC_NO_COMMON_BLOCKS = YES;
				GCC_OPTIMIZATION_LEVEL = 0;
				GCC_PREPROCESSOR_DEFINITIONS = (
					"DEBUG=1",
					"$(inherited)",
				);
				GCC_WARN_64_TO_32_BIT_CONVERSION = YES;
				GCC_WARN_ABOUT_RETURN_TYPE = YES_ERROR;
				GCC_WARN_UNDECLARED_SELECTOR = YES;
				GCC_WARN_UNINITIALIZED_AUTOS = YES_AGGRESSIVE;
				GCC_WARN_UNUSED_FUNCTION = YES;
				GCC_WARN_UNUSED_VARIABLE = YES;
				MTL_ENABLE_DEBUG_INFO = INCLUDE_SOURCE;
				MTL_FAST_MATH = YES;
				ONLY_ACTIVE_ARCH = YES;
				SWIFT_ACTIVE_COMPILATION_CONDITIONS = DEBUG;
				SWIFT_OPTIMIZATION_LEVEL = "-Onone";
			};
			name = Debug;
		};
		2CB3A5042A837CCC00DF02D2 /* Release */ = {
			isa = XCBuildConfiguration;
			buildSettings = {
				ALWAYS_SEARCH_USER_PATHS = NO;
				CLANG_ANALYZER_NONNULL = YES;
				CLANG_ANALYZER_NUMBER_OBJECT_CONVERSION = YES_AGGRESSIVE;
				CLANG_CXX_LANGUAGE_STANDARD = "gnu++20";
				CLANG_ENABLE_MODULES = YES;
				CLANG_ENABLE_OBJC_ARC = YES;
				CLANG_ENABLE_OBJC_WEAK = YES;
				CLANG_WARN_BLOCK_CAPTURE_AUTORELEASING = YES;
				CLANG_WARN_BOOL_CONVERSION = YES;
				CLANG_WARN_COMMA = YES;
				CLANG_WARN_CONSTANT_CONVERSION = YES;
				CLANG_WARN_DEPRECATED_OBJC_IMPLEMENTATIONS = YES;
				CLANG_WARN_DIRECT_OBJC_ISA_USAGE = YES_ERROR;
				CLANG_WARN_DOCUMENTATION_COMMENTS = YES;
				CLANG_WARN_EMPTY_BODY = YES;
				CLANG_WARN_ENUM_CONVERSION = YES;
				CLANG_WARN_INFINITE_RECURSION = YES;
				CLANG_WARN_INT_CONVERSION = YES;
				CLANG_WARN_NON_LITERAL_NULL_CONVERSION = YES;
				CLANG_WARN_OBJC_IMPLICIT_RETAIN_SELF = YES;
				CLANG_WARN_OBJC_LITERAL_CONVERSION = YES;
				CLANG_WARN_OBJC_ROOT_CLASS = YES_ERROR;
				CLANG_WARN_QUOTED_INCLUDE_IN_FRAMEWORK_HEADER = YES;
				CLANG_WARN_RANGE_LOOP_ANALYSIS = YES;
				CLANG_WARN_STRICT_PROTOTYPES = YES;
				CLANG_WARN_SUSPICIOUS_MOVE = YES;
				CLANG_WARN_UNGUARDED_AVAILABILITY = YES_AGGRESSIVE;
				CLANG_WARN_UNREACHABLE_CODE = YES;
				CLANG_WARN__DUPLICATE_METHOD_MATCH = YES;
				COPY_PHASE_STRIP = NO;
				DEBUG_INFORMATION_FORMAT = "dwarf-with-dsym";
				ENABLE_NS_ASSERTIONS = NO;
				ENABLE_STRICT_OBJC_MSGSEND = YES;
				GCC_C_LANGUAGE_STANDARD = gnu11;
				GCC_NO_COMMON_BLOCKS = YES;
				GCC_WARN_64_TO_32_BIT_CONVERSION = YES;
				GCC_WARN_ABOUT_RETURN_TYPE = YES_ERROR;
				GCC_WARN_UNDECLARED_SELECTOR = YES;
				GCC_WARN_UNINITIALIZED_AUTOS = YES_AGGRESSIVE;
				GCC_WARN_UNUSED_FUNCTION = YES;
				GCC_WARN_UNUSED_VARIABLE = YES;
				MTL_ENABLE_DEBUG_INFO = NO;
				MTL_FAST_MATH = YES;
				SWIFT_COMPILATION_MODE = wholemodule;
				SWIFT_OPTIMIZATION_LEVEL = "-O";
			};
			name = Release;
		};
		2CB3A5062A837CCC00DF02D2 /* Debug */ = {
			isa = XCBuildConfiguration;
			buildSettings = {
				ASSETCATALOG_COMPILER_APPICON_NAME = AppIcon;
				ASSETCATALOG_COMPILER_GLOBAL_ACCENT_COLOR_NAME = AccentColor;
				CODE_SIGN_ENTITLEMENTS = PWChatGPT/PWChatGPT.entitlements;
				CODE_SIGN_STYLE = Automatic;
				CURRENT_PROJECT_VERSION = 1;
				DEVELOPMENT_ASSET_PATHS = "\"PWChatGPT/Preview Content\"";
				DEVELOPMENT_TEAM = 4J9S92M97T;
				ENABLE_PREVIEWS = YES;
				GENERATE_INFOPLIST_FILE = YES;
				INFOPLIST_FILE = PWChatGPT/Info.plist;
				"INFOPLIST_KEY_UIApplicationSceneManifest_Generation[sdk=iphoneos*]" = YES;
				"INFOPLIST_KEY_UIApplicationSceneManifest_Generation[sdk=iphonesimulator*]" = YES;
				"INFOPLIST_KEY_UIApplicationSupportsIndirectInputEvents[sdk=iphoneos*]" = YES;
				"INFOPLIST_KEY_UIApplicationSupportsIndirectInputEvents[sdk=iphonesimulator*]" = YES;
				"INFOPLIST_KEY_UILaunchScreen_Generation[sdk=iphoneos*]" = YES;
				"INFOPLIST_KEY_UILaunchScreen_Generation[sdk=iphonesimulator*]" = YES;
				"INFOPLIST_KEY_UIStatusBarStyle[sdk=iphoneos*]" = UIStatusBarStyleDefault;
				"INFOPLIST_KEY_UIStatusBarStyle[sdk=iphonesimulator*]" = UIStatusBarStyleDefault;
				INFOPLIST_KEY_UISupportedInterfaceOrientations_iPad = "UIInterfaceOrientationPortrait UIInterfaceOrientationPortraitUpsideDown UIInterfaceOrientationLandscapeLeft UIInterfaceOrientationLandscapeRight";
				INFOPLIST_KEY_UISupportedInterfaceOrientations_iPhone = "UIInterfaceOrientationPortrait UIInterfaceOrientationLandscapeLeft UIInterfaceOrientationLandscapeRight";
				IPHONEOS_DEPLOYMENT_TARGET = 16.2;
				LD_RUNPATH_SEARCH_PATHS = "@executable_path/Frameworks";
				"LD_RUNPATH_SEARCH_PATHS[sdk=macosx*]" = "@executable_path/../Frameworks";
				MACOSX_DEPLOYMENT_TARGET = 13.0;
				MARKETING_VERSION = 1.0;
				PRODUCT_BUNDLE_IDENTIFIER = com.pankajwadhwa.PWChatGPTT;
				PRODUCT_NAME = "$(TARGET_NAME)";
				SDKROOT = auto;
				SUPPORTED_PLATFORMS = "iphoneos iphonesimulator macosx";
				SWIFT_EMIT_LOC_STRINGS = YES;
				SWIFT_VERSION = 5.0;
				TARGETED_DEVICE_FAMILY = "1,2";
			};
			name = Debug;
		};
		2CB3A5072A837CCC00DF02D2 /* Release */ = {
			isa = XCBuildConfiguration;
			buildSettings = {
				ASSETCATALOG_COMPILER_APPICON_NAME = AppIcon;
				ASSETCATALOG_COMPILER_GLOBAL_ACCENT_COLOR_NAME = AccentColor;
				CODE_SIGN_ENTITLEMENTS = PWChatGPT/PWChatGPT.entitlements;
				CODE_SIGN_STYLE = Automatic;
				CURRENT_PROJECT_VERSION = 1;
				DEVELOPMENT_ASSET_PATHS = "\"PWChatGPT/Preview Content\"";
				DEVELOPMENT_TEAM = 4J9S92M97T;
				ENABLE_PREVIEWS = YES;
				GENERATE_INFOPLIST_FILE = YES;
				INFOPLIST_FILE = PWChatGPT/Info.plist;
				"INFOPLIST_KEY_UIApplicationSceneManifest_Generation[sdk=iphoneos*]" = YES;
				"INFOPLIST_KEY_UIApplicationSceneManifest_Generation[sdk=iphonesimulator*]" = YES;
				"INFOPLIST_KEY_UIApplicationSupportsIndirectInputEvents[sdk=iphoneos*]" = YES;
				"INFOPLIST_KEY_UIApplicationSupportsIndirectInputEvents[sdk=iphonesimulator*]" = YES;
				"INFOPLIST_KEY_UILaunchScreen_Generation[sdk=iphoneos*]" = YES;
				"INFOPLIST_KEY_UILaunchScreen_Generation[sdk=iphonesimulator*]" = YES;
				"INFOPLIST_KEY_UIStatusBarStyle[sdk=iphoneos*]" = UIStatusBarStyleDefault;
				"INFOPLIST_KEY_UIStatusBarStyle[sdk=iphonesimulator*]" = UIStatusBarStyleDefault;
				INFOPLIST_KEY_UISupportedInterfaceOrientations_iPad = "UIInterfaceOrientationPortrait UIInterfaceOrientationPortraitUpsideDown UIInterfaceOrientationLandscapeLeft UIInterfaceOrientationLandscapeRight";
				INFOPLIST_KEY_UISupportedInterfaceOrientations_iPhone = "UIInterfaceOrientationPortrait UIInterfaceOrientationLandscapeLeft UIInterfaceOrientationLandscapeRight";
				IPHONEOS_DEPLOYMENT_TARGET = 16.2;
				LD_RUNPATH_SEARCH_PATHS = "@executable_path/Frameworks";
				"LD_RUNPATH_SEARCH_PATHS[sdk=macosx*]" = "@executable_path/../Frameworks";
				MACOSX_DEPLOYMENT_TARGET = 13.0;
				MARKETING_VERSION = 1.0;
				PRODUCT_BUNDLE_IDENTIFIER = com.pankajwadhwa.PWChatGPT;
				PRODUCT_NAME = "$(TARGET_NAME)";
				SDKROOT = auto;
				SUPPORTED_PLATFORMS = "iphoneos iphonesimulator macosx";
				SWIFT_EMIT_LOC_STRINGS = YES;
				SWIFT_VERSION = 5.0;
				TARGETED_DEVICE_FAMILY = "1,2";
			};
			name = Release;
		};
		2CB3A5092A837CCC00DF02D2 /* Debug */ = {
			isa = XCBuildConfiguration;
			buildSettings = {
				ALWAYS_EMBED_SWIFT_STANDARD_LIBRARIES = YES;
				BUNDLE_LOADER = "$(TEST_HOST)";
				CODE_SIGN_STYLE = Automatic;
				CURRENT_PROJECT_VERSION = 1;
				GENERATE_INFOPLIST_FILE = YES;
				IPHONEOS_DEPLOYMENT_TARGET = 16.2;
				MACOSX_DEPLOYMENT_TARGET = 12.6;
				MARKETING_VERSION = 1.0;
				PRODUCT_BUNDLE_IDENTIFIER = com.pankajwadhwa.PWChatGPTTests;
				PRODUCT_NAME = "$(TARGET_NAME)";
				SDKROOT = auto;
				SUPPORTED_PLATFORMS = "iphoneos iphonesimulator macosx";
				SWIFT_EMIT_LOC_STRINGS = NO;
				SWIFT_VERSION = 5.0;
				TARGETED_DEVICE_FAMILY = "1,2";
				TEST_HOST = "$(BUILT_PRODUCTS_DIR)/PWChatGPT.app/$(BUNDLE_EXECUTABLE_FOLDER_PATH)/PWChatGPT";
			};
			name = Debug;
		};
		2CB3A50A2A837CCC00DF02D2 /* Release */ = {
			isa = XCBuildConfiguration;
			buildSettings = {
				ALWAYS_EMBED_SWIFT_STANDARD_LIBRARIES = YES;
				BUNDLE_LOADER = "$(TEST_HOST)";
				CODE_SIGN_STYLE = Automatic;
				CURRENT_PROJECT_VERSION = 1;
				GENERATE_INFOPLIST_FILE = YES;
				IPHONEOS_DEPLOYMENT_TARGET = 16.2;
				MACOSX_DEPLOYMENT_TARGET = 12.6;
				MARKETING_VERSION = 1.0;
				PRODUCT_BUNDLE_IDENTIFIER = com.pankajwadhwa.PWChatGPTTests;
				PRODUCT_NAME = "$(TARGET_NAME)";
				SDKROOT = auto;
				SUPPORTED_PLATFORMS = "iphoneos iphonesimulator macosx";
				SWIFT_EMIT_LOC_STRINGS = NO;
				SWIFT_VERSION = 5.0;
				TARGETED_DEVICE_FAMILY = "1,2";
				TEST_HOST = "$(BUILT_PRODUCTS_DIR)/PWChatGPT.app/$(BUNDLE_EXECUTABLE_FOLDER_PATH)/PWChatGPT";
			};
			name = Release;
		};
		2CB3A50C2A837CCC00DF02D2 /* Debug */ = {
			isa = XCBuildConfiguration;
			buildSettings = {
				ALWAYS_EMBED_SWIFT_STANDARD_LIBRARIES = YES;
				CODE_SIGN_STYLE = Automatic;
				CURRENT_PROJECT_VERSION = 1;
				GENERATE_INFOPLIST_FILE = YES;
				IPHONEOS_DEPLOYMENT_TARGET = 16.2;
				MACOSX_DEPLOYMENT_TARGET = 12.6;
				MARKETING_VERSION = 1.0;
				PRODUCT_BUNDLE_IDENTIFIER = com.pankajwadhwa.PWChatGPTUITests;
				PRODUCT_NAME = "$(TARGET_NAME)";
				SDKROOT = auto;
				SUPPORTED_PLATFORMS = "iphoneos iphonesimulator macosx";
				SWIFT_EMIT_LOC_STRINGS = NO;
				SWIFT_VERSION = 5.0;
				TARGETED_DEVICE_FAMILY = "1,2";
				TEST_TARGET_NAME = PWChatGPT;
			};
			name = Debug;
		};
		2CB3A50D2A837CCC00DF02D2 /* Release */ = {
			isa = XCBuildConfiguration;
			buildSettings = {
				ALWAYS_EMBED_SWIFT_STANDARD_LIBRARIES = YES;
				CODE_SIGN_STYLE = Automatic;
				CURRENT_PROJECT_VERSION = 1;
				GENERATE_INFOPLIST_FILE = YES;
				IPHONEOS_DEPLOYMENT_TARGET = 16.2;
				MACOSX_DEPLOYMENT_TARGET = 12.6;
				MARKETING_VERSION = 1.0;
				PRODUCT_BUNDLE_IDENTIFIER = com.pankajwadhwa.PWChatGPTUITests;
				PRODUCT_NAME = "$(TARGET_NAME)";
				SDKROOT = auto;
				SUPPORTED_PLATFORMS = "iphoneos iphonesimulator macosx";
				SWIFT_EMIT_LOC_STRINGS = NO;
				SWIFT_VERSION = 5.0;
				TARGETED_DEVICE_FAMILY = "1,2";
				TEST_TARGET_NAME = PWChatGPT;
			};
			name = Release;
		};
/* End XCBuildConfiguration section */

/* Begin XCConfigurationList section */
		1261C20F2A863F6C007F6C0E /* Build configuration list for PBXNativeTarget "PWChatGPTMac" */ = {
			isa = XCConfigurationList;
			buildConfigurations = (
				1261C20D2A863F6C007F6C0E /* Debug */,
				1261C20E2A863F6C007F6C0E /* Release */,
			);
			defaultConfigurationIsVisible = 0;
			defaultConfigurationName = Release;
		};
		2CB3A4DB2A837CC900DF02D2 /* Build configuration list for PBXProject "PWChatGPT" */ = {
			isa = XCConfigurationList;
			buildConfigurations = (
				2CB3A5032A837CCC00DF02D2 /* Debug */,
				2CB3A5042A837CCC00DF02D2 /* Release */,
			);
			defaultConfigurationIsVisible = 0;
			defaultConfigurationName = Release;
		};
		2CB3A5052A837CCC00DF02D2 /* Build configuration list for PBXNativeTarget "PWChatGPT" */ = {
			isa = XCConfigurationList;
			buildConfigurations = (
				2CB3A5062A837CCC00DF02D2 /* Debug */,
				2CB3A5072A837CCC00DF02D2 /* Release */,
			);
			defaultConfigurationIsVisible = 0;
			defaultConfigurationName = Release;
		};
		2CB3A5082A837CCC00DF02D2 /* Build configuration list for PBXNativeTarget "PWChatGPTTests" */ = {
			isa = XCConfigurationList;
			buildConfigurations = (
				2CB3A5092A837CCC00DF02D2 /* Debug */,
				2CB3A50A2A837CCC00DF02D2 /* Release */,
			);
			defaultConfigurationIsVisible = 0;
			defaultConfigurationName = Release;
		};
		2CB3A50B2A837CCC00DF02D2 /* Build configuration list for PBXNativeTarget "PWChatGPTUITests" */ = {
			isa = XCConfigurationList;
			buildConfigurations = (
				2CB3A50C2A837CCC00DF02D2 /* Debug */,
				2CB3A50D2A837CCC00DF02D2 /* Release */,
			);
			defaultConfigurationIsVisible = 0;
			defaultConfigurationName = Release;
		};
/* End XCConfigurationList section */

/* Begin XCRemoteSwiftPackageReference section */
		1261C2172A867D91007F6C0E /* XCRemoteSwiftPackageReference "swift-markdown" */ = {
			isa = XCRemoteSwiftPackageReference;
			repositoryURL = "https://github.com/apple/swift-markdown";
			requirement = {
				branch = main;
				kind = branch;
			};
		};
		12C3B5912A878B7700EA63B5 /* XCRemoteSwiftPackageReference "HighlighterSwift" */ = {
			isa = XCRemoteSwiftPackageReference;
			repositoryURL = "https://github.com/pankajW/HighlighterSwift";
			requirement = {
				branch = main;
				kind = branch;
			};
		};
/* End XCRemoteSwiftPackageReference section */

/* Begin XCSwiftPackageProductDependency section */
		1261C2182A867D91007F6C0E /* Markdown */ = {
			isa = XCSwiftPackageProductDependency;
			package = 1261C2172A867D91007F6C0E /* XCRemoteSwiftPackageReference "swift-markdown" */;
			productName = Markdown;
		};
		12C3B5922A878B7700EA63B5 /* Highlighter */ = {
			isa = XCSwiftPackageProductDependency;
			package = 12C3B5912A878B7700EA63B5 /* XCRemoteSwiftPackageReference "HighlighterSwift" */;
			productName = Highlighter;
		};
/* End XCSwiftPackageProductDependency section */
	};
	rootObject = 2CB3A4D82A837CC900DF02D2 /* Project object */;
}
