// !$*UTF8*$!
{
	archiveVersion = 1;
	classes = {
	};
	objectVersion = 56;
	objects = {

/* Begin PBXBuildFile section */
		2CB3A4E42A837CC900DF02D2 /* PWChatGPTApp.swift in Sources */ = {isa = PBXBuildFile; fileRef = 2CB3A4E32A837CC900DF02D2 /* PWChatGPTApp.swift */; };
		2CB3A4E62A837CC900DF02D2 /* ContentView.swift in Sources */ = {isa = PBXBuildFile; fileRef = 2CB3A4E52A837CC900DF02D2 /* ContentView.swift */; };
		2CB3A4E82A837CCB00DF02D2 /* Assets.xcassets in Resources */ = {isa = PBXBuildFile; fileRef = 2CB3A4E72A837CCB00DF02D2 /* Assets.xcassets */; };
		2CB3A4EC2A837CCB00DF02D2 /* Preview Assets.xcassets in Resources */ = {isa = PBXBuildFile; fileRef = 2CB3A4EB2A837CCB00DF02D2 /* Preview Assets.xcassets */; };
		2CB3A4F62A837CCC00DF02D2 /* PWChatGPTTests.swift in Sources */ = {isa = PBXBuildFile; fileRef = 2CB3A4F52A837CCC00DF02D2 /* PWChatGPTTests.swift */; };
		2CB3A5002A837CCC00DF02D2 /* PWChatGPTUITests.swift in Sources */ = {isa = PBXBuildFile; fileRef = 2CB3A4FF2A837CCC00DF02D2 /* PWChatGPTUITests.swift */; };
		2CB3A5022A837CCC00DF02D2 /* PWChatGPTUITestsLaunchTests.swift in Sources */ = {isa = PBXBuildFile; fileRef = 2CB3A5012A837CCC00DF02D2 /* PWChatGPTUITestsLaunchTests.swift */; };
/* End PBXBuildFile section */

/* Begin PBXContainerItemProxy section */
		2CB3A4F22A837CCC00DF02D2 /* PBXContainerItemProxy */ = {
			isa = PBXContainerItemProxy;
			containerPortal = 2CB3A4D82A837CC900DF02D2 /* Project object */;
			proxyType = 1;
			remoteGlobalIDString = 2CB3A4DF2A837CC900DF02D2;
			remoteInfo = PWChatGPT;
		};
		2CB3A4FC2A837CCC00DF02D2 /* PBXContainerItemProxy */ = {
			isa = PBXContainerItemProxy;
			containerPortal = 2CB3A4D82A837CC900DF02D2 /* Project object */;
			proxyType = 1;
			remoteGlobalIDString = 2CB3A4DF2A837CC900DF02D2;
			remoteInfo = PWChatGPT;
		};
/* End PBXContainerItemProxy section */

/* Begin PBXFileReference section */
		2CB3A4E02A837CC900DF02D2 /* PWChatGPT.app */ = {isa = PBXFileReference; explicitFileType = wrapper.application; includeInIndex = 0; path = PWChatGPT.app; sourceTree = BUILT_PRODUCTS_DIR; };
		2CB3A4E32A837CC900DF02D2 /* PWChatGPTApp.swift */ = {isa = PBXFileReference; lastKnownFileType = sourcecode.swift; path = PWChatGPTApp.swift; sourceTree = "<group>"; };
		2CB3A4E52A837CC900DF02D2 /* ContentView.swift */ = {isa = PBXFileReference; lastKnownFileType = sourcecode.swift; path = ContentView.swift; sourceTree = "<group>"; };
		2CB3A4E72A837CCB00DF02D2 /* Assets.xcassets */ = {isa = PBXFileReference; lastKnownFileType = folder.assetcatalog; path = Assets.xcassets; sourceTree = "<group>"; };
		2CB3A4E92A837CCB00DF02D2 /* PWChatGPT.entitlements */ = {isa = PBXFileReference; lastKnownFileType = text.plist.entitlements; path = PWChatGPT.entitlements; sourceTree = "<group>"; };
		2CB3A4EB2A837CCB00DF02D2 /* Preview Assets.xcassets */ = {isa = PBXFileReference; lastKnownFileType = folder.assetcatalog; path = "Preview Assets.xcassets"; sourceTree = "<group>"; };
		2CB3A4F12A837CCC00DF02D2 /* PWChatGPTTests.xctest */ = {isa = PBXFileReference; explicitFileType = wrapper.cfbundle; includeInIndex = 0; path = PWChatGPTTests.xctest; sourceTree = BUILT_PRODUCTS_DIR; };
		2CB3A4F52A837CCC00DF02D2 /* PWChatGPTTests.swift */ = {isa = PBXFileReference; lastKnownFileType = sourcecode.swift; path = PWChatGPTTests.swift; sourceTree = "<group>"; };
		2CB3A4FB2A837CCC00DF02D2 /* PWChatGPTUITests.xctest */ = {isa = PBXFileReference; explicitFileType = wrapper.cfbundle; includeInIndex = 0; path = PWChatGPTUITests.xctest; sourceTree = BUILT_PRODUCTS_DIR; };
		2CB3A4FF2A837CCC00DF02D2 /* PWChatGPTUITests.swift */ = {isa = PBXFileReference; lastKnownFileType = sourcecode.swift; path = PWChatGPTUITests.swift; sourceTree = "<group>"; };
		2CB3A5012A837CCC00DF02D2 /* PWChatGPTUITestsLaunchTests.swift */ = {isa = PBXFileReference; lastKnownFileType = sourcecode.swift; path = PWChatGPTUITestsLaunchTests.swift; sourceTree = "<group>"; };
/* End PBXFileReference section */

/* Begin PBXFrameworksBuildPhase section */
		2CB3A4DD2A837CC900DF02D2 /* Frameworks */ = {
			isa = PBXFrameworksBuildPhase;
			buildActionMask = 2147483647;
			files = (
			);
			runOnlyForDeploymentPostprocessing = 0;
		};
		2CB3A4EE2A837CCC00DF02D2 /* Frameworks */ = {
			isa = PBXFrameworksBuildPhase;
			buildActionMask = 2147483647;
			files = (
			);
			runOnlyForDeploymentPostprocessing = 0;
		};
		2CB3A4F82A837CCC00DF02D2 /* Frameworks */ = {
			isa = PBXFrameworksBuildPhase;
			buildActionMask = 2147483647;
			files = (
			);
			runOnlyForDeploymentPostprocessing = 0;
		};
/* End PBXFrameworksBuildPhase section */

/* Begin PBXGroup section */
		2CB3A4D72A837CC900DF02D2 = {
			isa = PBXGroup;
			children = (
				2CB3A4E22A837CC900DF02D2 /* PWChatGPT */,
				2CB3A4F42A837CCC00DF02D2 /* PWChatGPTTests */,
				2CB3A4FE2A837CCC00DF02D2 /* PWChatGPTUITests */,
				2CB3A4E12A837CC900DF02D2 /* Products */,
			);
			sourceTree = "<group>";
		};
		2CB3A4E12A837CC900DF02D2 /* Products */ = {
			isa = PBXGroup;
			children = (
				2CB3A4E02A837CC900DF02D2 /* PWChatGPT.app */,
				2CB3A4F12A837CCC00DF02D2 /* PWChatGPTTests.xctest */,
				2CB3A4FB2A837CCC00DF02D2 /* PWChatGPTUITests.xctest */,
			);
			name = Products;
			sourceTree = "<group>";
		};
		2CB3A4E22A837CC900DF02D2 /* PWChatGPT */ = {
			isa = PBXGroup;
			children = (
				2CB3A4E32A837CC900DF02D2 /* PWChatGPTApp.swift */,
				2CB3A4E52A837CC900DF02D2 /* ContentView.swift */,
				2CB3A4E72A837CCB00DF02D2 /* Assets.xcassets */,
				2CB3A4E92A837CCB00DF02D2 /* PWChatGPT.entitlements */,
				2CB3A4EA2A837CCB00DF02D2 /* Preview Content */,
			);
			path = PWChatGPT;
			sourceTree = "<group>";
		};
		2CB3A4EA2A837CCB00DF02D2 /* Preview Content */ = {
			isa = PBXGroup;
			children = (
				2CB3A4EB2A837CCB00DF02D2 /* Preview Assets.xcassets */,
			);
			path = "Preview Content";
			sourceTree = "<group>";
		};
		2CB3A4F42A837CCC00DF02D2 /* PWChatGPTTests */ = {
			isa = PBXGroup;
			children = (
				2CB3A4F52A837CCC00DF02D2 /* PWChatGPTTests.swift */,
			);
			path = PWChatGPTTests;
			sourceTree = "<group>";
		};
		2CB3A4FE2A837CCC00DF02D2 /* PWChatGPTUITests */ = {
			isa = PBXGroup;
			children = (
				2CB3A4FF2A837CCC00DF02D2 /* PWChatGPTUITests.swift */,
				2CB3A5012A837CCC00DF02D2 /* PWChatGPTUITestsLaunchTests.swift */,
			);
			path = PWChatGPTUITests;
			sourceTree = "<group>";
		};
/* End PBXGroup section */

/* Begin PBXNativeTarget section */
		2CB3A4DF2A837CC900DF02D2 /* PWChatGPT */ = {
			isa = PBXNativeTarget;
			buildConfigurationList = 2CB3A5052A837CCC00DF02D2 /* Build configuration list for PBXNativeTarget "PWChatGPT" */;
			buildPhases = (
				2CB3A4DC2A837CC900DF02D2 /* Sources */,
				2CB3A4DD2A837CC900DF02D2 /* Frameworks */,
				2CB3A4DE2A837CC900DF02D2 /* Resources */,
			);
			buildRules = (
			);
			dependencies = (
			);
			name = PWChatGPT;
			productName = PWChatGPT;
			productReference = 2CB3A4E02A837CC900DF02D2 /* PWChatGPT.app */;
			productType = "com.apple.product-type.application";
		};
		2CB3A4F02A837CCC00DF02D2 /* PWChatGPTTests */ = {
			isa = PBXNativeTarget;
			buildConfigurationList = 2CB3A5082A837CCC00DF02D2 /* Build configuration list for PBXNativeTarget "PWChatGPTTests" */;
			buildPhases = (
				2CB3A4ED2A837CCC00DF02D2 /* Sources */,
				2CB3A4EE2A837CCC00DF02D2 /* Frameworks */,
				2CB3A4EF2A837CCC00DF02D2 /* Resources */,
			);
			buildRules = (
			);
			dependencies = (
				2CB3A4F32A837CCC00DF02D2 /* PBXTargetDependency */,
			);
			name = PWChatGPTTests;
			productName = PWChatGPTTests;
			productReference = 2CB3A4F12A837CCC00DF02D2 /* PWChatGPTTests.xctest */;
			productType = "com.apple.product-type.bundle.unit-test";
		};
		2CB3A4FA2A837CCC00DF02D2 /* PWChatGPTUITests */ = {
			isa = PBXNativeTarget;
			buildConfigurationList = 2CB3A50B2A837CCC00DF02D2 /* Build configuration list for PBXNativeTarget "PWChatGPTUITests" */;
			buildPhases = (
				2CB3A4F72A837CCC00DF02D2 /* Sources */,
				2CB3A4F82A837CCC00DF02D2 /* Frameworks */,
				2CB3A4F92A837CCC00DF02D2 /* Resources */,
			);
			buildRules = (
			);
			dependencies = (
				2CB3A4FD2A837CCC00DF02D2 /* PBXTargetDependency */,
			);
			name = PWChatGPTUITests;
			productName = PWChatGPTUITests;
			productReference = 2CB3A4FB2A837CCC00DF02D2 /* PWChatGPTUITests.xctest */;
			productType = "com.apple.product-type.bundle.ui-testing";
		};
/* End PBXNativeTarget section */

/* Begin PBXProject section */
		2CB3A4D82A837CC900DF02D2 /* Project object */ = {
			isa = PBXProject;
			attributes = {
				BuildIndependentTargetsInParallel = 1;
				LastSwiftUpdateCheck = 1420;
				LastUpgradeCheck = 1420;
				TargetAttributes = {
					2CB3A4DF2A837CC900DF02D2 = {
						CreatedOnToolsVersion = 14.2;
					};
					2CB3A4F02A837CCC00DF02D2 = {
						CreatedOnToolsVersion = 14.2;
						TestTargetID = 2CB3A4DF2A837CC900DF02D2;
					};
					2CB3A4FA2A837CCC00DF02D2 = {
						CreatedOnToolsVersion = 14.2;
						TestTargetID = 2CB3A4DF2A837CC900DF02D2;
					};
				};
			};
			buildConfigurationList = 2CB3A4DB2A837CC900DF02D2 /* Build configuration list for PBXProject "PWChatGPT" */;
			compatibilityVersion = "Xcode 14.0";
			developmentRegion = en;
			hasScannedForEncodings = 0;
			knownRegions = (
				en,
				Base,
			);
			mainGroup = 2CB3A4D72A837CC900DF02D2;
			productRefGroup = 2CB3A4E12A837CC900DF02D2 /* Products */;
			projectDirPath = "";
			projectRoot = "";
			targets = (
				2CB3A4DF2A837CC900DF02D2 /* PWChatGPT */,
				2CB3A4F02A837CCC00DF02D2 /* PWChatGPTTests */,
				2CB3A4FA2A837CCC00DF02D2 /* PWChatGPTUITests */,
			);
		};
/* End PBXProject section */

/* Begin PBXResourcesBuildPhase section */
		2CB3A4DE2A837CC900DF02D2 /* Resources */ = {
			isa = PBXResourcesBuildPhase;
			buildActionMask = 2147483647;
			files = (
				2CB3A4EC2A837CCB00DF02D2 /* Preview Assets.xcassets in Resources */,
				2CB3A4E82A837CCB00DF02D2 /* Assets.xcassets in Resources */,
			);
			runOnlyForDeploymentPostprocessing = 0;
		};
		2CB3A4EF2A837CCC00DF02D2 /* Resources */ = {
			isa = PBXResourcesBuildPhase;
			buildActionMask = 2147483647;
			files = (
			);
			runOnlyForDeploymentPostprocessing = 0;
		};
		2CB3A4F92A837CCC00DF02D2 /* Resources */ = {
			isa = PBXResourcesBuildPhase;
			buildActionMask = 2147483647;
			files = (
			);
			runOnlyForDeploymentPostprocessing = 0;
		};
/* End PBXResourcesBuildPhase section */

/* Begin PBXSourcesBuildPhase section */
		2CB3A4DC2A837CC900DF02D2 /* Sources */ = {
			isa = PBXSourcesBuildPhase;
			buildActionMask = 2147483647;
			files = (
				2CB3A4E62A837CC900DF02D2 /* ContentView.swift in Sources */,
				2CB3A4E42A837CC900DF02D2 /* PWChatGPTApp.swift in Sources */,
			);
			runOnlyForDeploymentPostprocessing = 0;
		};
		2CB3A4ED2A837CCC00DF02D2 /* Sources */ = {
			isa = PBXSourcesBuildPhase;
			buildActionMask = 2147483647;
			files = (
				2CB3A4F62A837CCC00DF02D2 /* PWChatGPTTests.swift in Sources */,
			);
			runOnlyForDeploymentPostprocessing = 0;
		};
		2CB3A4F72A837CCC00DF02D2 /* Sources */ = {
			isa = PBXSourcesBuildPhase;
			buildActionMask = 2147483647;
			files = (
				2CB3A5002A837CCC00DF02D2 /* PWChatGPTUITests.swift in Sources */,
				2CB3A5022A837CCC00DF02D2 /* PWChatGPTUITestsLaunchTests.swift in Sources */,
			);
			runOnlyForDeploymentPostprocessing = 0;
		};
/* End PBXSourcesBuildPhase section */

/* Begin PBXTargetDependency section */
		2CB3A4F32A837CCC00DF02D2 /* PBXTargetDependency */ = {
			isa = PBXTargetDependency;
			target = 2CB3A4DF2A837CC900DF02D2 /* PWChatGPT */;
			targetProxy = 2CB3A4F22A837CCC00DF02D2 /* PBXContainerItemProxy */;
		};
		2CB3A4FD2A837CCC00DF02D2 /* PBXTargetDependency */ = {
			isa = PBXTargetDependency;
			target = 2CB3A4DF2A837CC900DF02D2 /* PWChatGPT */;
			targetProxy = 2CB3A4FC2A837CCC00DF02D2 /* PBXContainerItemProxy */;
		};
/* End PBXTargetDependency section */

/* Begin XCBuildConfiguration section */
		2CB3A5032A837CCC00DF02D2 /* Debug */ = {
			isa = XCBuildConfiguration;
			buildSettings = {
				ALWAYS_SEARCH_USER_PATHS = NO;
				CLANG_ANALYZER_NONNULL = YES;
				CLANG_ANALYZER_NUMBER_OBJECT_CONVERSION = YES_AGGRESSIVE;
				CLANG_CXX_LANGUAGE_STANDARD = "gnu++20";
				CLANG_ENABLE_MODULES = YES;
				CLANG_ENABLE_OBJC_ARC = YES;
				CLANG_ENABLE_OBJC_WEAK = YES;
				CLANG_WARN_BLOCK_CAPTURE_AUTORELEASING = YES;
				CLANG_WARN_BOOL_CONVERSION = YES;
				CLANG_WARN_COMMA = YES;
				CLANG_WARN_CONSTANT_CONVERSION = YES;
				CLANG_WARN_DEPRECATED_OBJC_IMPLEMENTATIONS = YES;
				CLANG_WARN_DIRECT_OBJC_ISA_USAGE = YES_ERROR;
				CLANG_WARN_DOCUMENTATION_COMMENTS = YES;
				CLANG_WARN_EMPTY_BODY = YES;
				CLANG_WARN_ENUM_CONVERSION = YES;
				CLANG_WARN_INFINITE_RECURSION = YES;
				CLANG_WARN_INT_CONVERSION = YES;
				CLANG_WARN_NON_LITERAL_NULL_CONVERSION = YES;
				CLANG_WARN_OBJC_IMPLICIT_RETAIN_SELF = YES;
				CLANG_WARN_OBJC_LITERAL_CONVERSION = YES;
				CLANG_WARN_OBJC_ROOT_CLASS = YES_ERROR;
				CLANG_WARN_QUOTED_INCLUDE_IN_FRAMEWORK_HEADER = YES;
				CLANG_WARN_RANGE_LOOP_ANALYSIS = YES;
				CLANG_WARN_STRICT_PROTOTYPES = YES;
				CLANG_WARN_SUSPICIOUS_MOVE = YES;
				CLANG_WARN_UNGUARDED_AVAILABILITY = YES_AGGRESSIVE;
				CLANG_WARN_UNREACHABLE_CODE = YES;
				CLANG_WARN__DUPLICATE_METHOD_MATCH = YES;
				COPY_PHASE_STRIP = NO;
				DEBUG_INFORMATION_FORMAT = dwarf;
				ENABLE_STRICT_OBJC_MSGSEND = YES;
				ENABLE_TESTABILITY = YES;
				GCC_C_LANGUAGE_STANDARD = gnu11;
				GCC_DYNAMIC_NO_PIC = NO;
				GCC_NO_COMMON_BLOCKS = YES;
				GCC_OPTIMIZATION_LEVEL = 0;
				GCC_PREPROCESSOR_DEFINITIONS = (
					"DEBUG=1",
					"$(inherited)",
				);
				GCC_WARN_64_TO_32_BIT_CONVERSION = YES;
				GCC_WARN_ABOUT_RETURN_TYPE = YES_ERROR;
				GCC_WARN_UNDECLARED_SELECTOR = YES;
				GCC_WARN_UNINITIALIZED_AUTOS = YES_AGGRESSIVE;
				GCC_WARN_UNUSED_FUNCTION = YES;
				GCC_WARN_UNUSED_VARIABLE = YES;
				MTL_ENABLE_DEBUG_INFO = INCLUDE_SOURCE;
				MTL_FAST_MATH = YES;
				ONLY_ACTIVE_ARCH = YES;
				SWIFT_ACTIVE_COMPILATION_CONDITIONS = DEBUG;
				SWIFT_OPTIMIZATION_LEVEL = "-Onone";
			};
			name = Debug;
		};
		2CB3A5042A837CCC00DF02D2 /* Release */ = {
			isa = XCBuildConfiguration;
			buildSettings = {
				ALWAYS_SEARCH_USER_PATHS = NO;
				CLANG_ANALYZER_NONNULL = YES;
				CLANG_ANALYZER_NUMBER_OBJECT_CONVERSION = YES_AGGRESSIVE;
				CLANG_CXX_LANGUAGE_STANDARD = "gnu++20";
				CLANG_ENABLE_MODULES = YES;
				CLANG_ENABLE_OBJC_ARC = YES;
				CLANG_ENABLE_OBJC_WEAK = YES;
				CLANG_WARN_BLOCK_CAPTURE_AUTORELEASING = YES;
				CLANG_WARN_BOOL_CONVERSION = YES;
				CLANG_WARN_COMMA = YES;
				CLANG_WARN_CONSTANT_CONVERSION = YES;
				CLANG_WARN_DEPRECATED_OBJC_IMPLEMENTATIONS = YES;
				CLANG_WARN_DIRECT_OBJC_ISA_USAGE = YES_ERROR;
				CLANG_WARN_DOCUMENTATION_COMMENTS = YES;
				CLANG_WARN_EMPTY_BODY = YES;
				CLANG_WARN_ENUM_CONVERSION = YES;
				CLANG_WARN_INFINITE_RECURSION = YES;
				CLANG_WARN_INT_CONVERSION = YES;
				CLANG_WARN_NON_LITERAL_NULL_CONVERSION = YES;
				CLANG_WARN_OBJC_IMPLICIT_RETAIN_SELF = YES;
				CLANG_WARN_OBJC_LITERAL_CONVERSION = YES;
				CLANG_WARN_OBJC_ROOT_CLASS = YES_ERROR;
				CLANG_WARN_QUOTED_INCLUDE_IN_FRAMEWORK_HEADER = YES;
				CLANG_WARN_RANGE_LOOP_ANALYSIS = YES;
				CLANG_WARN_STRICT_PROTOTYPES = YES;
				CLANG_WARN_SUSPICIOUS_MOVE = YES;
				CLANG_WARN_UNGUARDED_AVAILABILITY = YES_AGGRESSIVE;
				CLANG_WARN_UNREACHABLE_CODE = YES;
				CLANG_WARN__DUPLICATE_METHOD_MATCH = YES;
				COPY_PHASE_STRIP = NO;
				DEBUG_INFORMATION_FORMAT = "dwarf-with-dsym";
				ENABLE_NS_ASSERTIONS = NO;
				ENABLE_STRICT_OBJC_MSGSEND = YES;
				GCC_C_LANGUAGE_STANDARD = gnu11;
				GCC_NO_COMMON_BLOCKS = YES;
				GCC_WARN_64_TO_32_BIT_CONVERSION = YES;
				GCC_WARN_ABOUT_RETURN_TYPE = YES_ERROR;
				GCC_WARN_UNDECLARED_SELECTOR = YES;
				GCC_WARN_UNINITIALIZED_AUTOS = YES_AGGRESSIVE;
				GCC_WARN_UNUSED_FUNCTION = YES;
				GCC_WARN_UNUSED_VARIABLE = YES;
				MTL_ENABLE_DEBUG_INFO = NO;
				MTL_FAST_MATH = YES;
				SWIFT_COMPILATION_MODE = wholemodule;
				SWIFT_OPTIMIZATION_LEVEL = "-O";
			};
			name = Release;
		};
		2CB3A5062A837CCC00DF02D2 /* Debug */ = {
			isa = XCBuildConfiguration;
			buildSettings = {
				ASSETCATALOG_COMPILER_APPICON_NAME = AppIcon;
				ASSETCATALOG_COMPILER_GLOBAL_ACCENT_COLOR_NAME = AccentColor;
				CODE_SIGN_ENTITLEMENTS = PWChatGPT/PWChatGPT.entitlements;
				CODE_SIGN_STYLE = Automatic;
				CURRENT_PROJECT_VERSION = 1;
				DEVELOPMENT_ASSET_PATHS = "\"PWChatGPT/Preview Content\"";
				ENABLE_PREVIEWS = YES;
				GENERATE_INFOPLIST_FILE = YES;
				"INFOPLIST_KEY_UIApplicationSceneManifest_Generation[sdk=iphoneos*]" = YES;
				"INFOPLIST_KEY_UIApplicationSceneManifest_Generation[sdk=iphonesimulator*]" = YES;
				"INFOPLIST_KEY_UIApplicationSupportsIndirectInputEvents[sdk=iphoneos*]" = YES;
				"INFOPLIST_KEY_UIApplicationSupportsIndirectInputEvents[sdk=iphonesimulator*]" = YES;
				"INFOPLIST_KEY_UILaunchScreen_Generation[sdk=iphoneos*]" = YES;
				"INFOPLIST_KEY_UILaunchScreen_Generation[sdk=iphonesimulator*]" = YES;
				"INFOPLIST_KEY_UIStatusBarStyle[sdk=iphoneos*]" = UIStatusBarStyleDefault;
				"INFOPLIST_KEY_UIStatusBarStyle[sdk=iphonesimulator*]" = UIStatusBarStyleDefault;
				INFOPLIST_KEY_UISupportedInterfaceOrientations_iPad = "UIInterfaceOrientationPortrait UIInterfaceOrientationPortraitUpsideDown UIInterfaceOrientationLandscapeLeft UIInterfaceOrientationLandscapeRight";
				INFOPLIST_KEY_UISupportedInterfaceOrientations_iPhone = "UIInterfaceOrientationPortrait UIInterfaceOrientationLandscapeLeft UIInterfaceOrientationLandscapeRight";
				IPHONEOS_DEPLOYMENT_TARGET = 16.2;
				LD_RUNPATH_SEARCH_PATHS = "@executable_path/Frameworks";
				"LD_RUNPATH_SEARCH_PATHS[sdk=macosx*]" = "@executable_path/../Frameworks";
				MACOSX_DEPLOYMENT_TARGET = 12.6;
				MARKETING_VERSION = 1.0;
				PRODUCT_BUNDLE_IDENTIFIER = com.pankajwadhwa.PWChatGPT;
				PRODUCT_NAME = "$(TARGET_NAME)";
				SDKROOT = auto;
				SUPPORTED_PLATFORMS = "iphoneos iphonesimulator macosx";
				SWIFT_EMIT_LOC_STRINGS = YES;
				SWIFT_VERSION = 5.0;
				TARGETED_DEVICE_FAMILY = "1,2";
			};
			name = Debug;
		};
		2CB3A5072A837CCC00DF02D2 /* Release */ = {
			isa = XCBuildConfiguration;
			buildSettings = {
				ASSETCATALOG_COMPILER_APPICON_NAME = AppIcon;
				ASSETCATALOG_COMPILER_GLOBAL_ACCENT_COLOR_NAME = AccentColor;
				CODE_SIGN_ENTITLEMENTS = PWChatGPT/PWChatGPT.entitlements;
				CODE_SIGN_STYLE = Automatic;
				CURRENT_PROJECT_VERSION = 1;
				DEVELOPMENT_ASSET_PATHS = "\"PWChatGPT/Preview Content\"";
				ENABLE_PREVIEWS = YES;
				GENERATE_INFOPLIST_FILE = YES;
				"INFOPLIST_KEY_UIApplicationSceneManifest_Generation[sdk=iphoneos*]" = YES;
				"INFOPLIST_KEY_UIApplicationSceneManifest_Generation[sdk=iphonesimulator*]" = YES;
				"INFOPLIST_KEY_UIApplicationSupportsIndirectInputEvents[sdk=iphoneos*]" = YES;
				"INFOPLIST_KEY_UIApplicationSupportsIndirectInputEvents[sdk=iphonesimulator*]" = YES;
				"INFOPLIST_KEY_UILaunchScreen_Generation[sdk=iphoneos*]" = YES;
				"INFOPLIST_KEY_UILaunchScreen_Generation[sdk=iphonesimulator*]" = YES;
				"INFOPLIST_KEY_UIStatusBarStyle[sdk=iphoneos*]" = UIStatusBarStyleDefault;
				"INFOPLIST_KEY_UIStatusBarStyle[sdk=iphonesimulator*]" = UIStatusBarStyleDefault;
				INFOPLIST_KEY_UISupportedInterfaceOrientations_iPad = "UIInterfaceOrientationPortrait UIInterfaceOrientationPortraitUpsideDown UIInterfaceOrientationLandscapeLeft UIInterfaceOrientationLandscapeRight";
				INFOPLIST_KEY_UISupportedInterfaceOrientations_iPhone = "UIInterfaceOrientationPortrait UIInterfaceOrientationLandscapeLeft UIInterfaceOrientationLandscapeRight";
				IPHONEOS_DEPLOYMENT_TARGET = 16.2;
				LD_RUNPATH_SEARCH_PATHS = "@executable_path/Frameworks";
				"LD_RUNPATH_SEARCH_PATHS[sdk=macosx*]" = "@executable_path/../Frameworks";
				MACOSX_DEPLOYMENT_TARGET = 12.6;
				MARKETING_VERSION = 1.0;
				PRODUCT_BUNDLE_IDENTIFIER = com.pankajwadhwa.PWChatGPT;
				PRODUCT_NAME = "$(TARGET_NAME)";
				SDKROOT = auto;
				SUPPORTED_PLATFORMS = "iphoneos iphonesimulator macosx";
				SWIFT_EMIT_LOC_STRINGS = YES;
				SWIFT_VERSION = 5.0;
				TARGETED_DEVICE_FAMILY = "1,2";
			};
			name = Release;
		};
		2CB3A5092A837CCC00DF02D2 /* Debug */ = {
			isa = XCBuildConfiguration;
			buildSettings = {
				ALWAYS_EMBED_SWIFT_STANDARD_LIBRARIES = YES;
				BUNDLE_LOADER = "$(TEST_HOST)";
				CODE_SIGN_STYLE = Automatic;
				CURRENT_PROJECT_VERSION = 1;
				GENERATE_INFOPLIST_FILE = YES;
				IPHONEOS_DEPLOYMENT_TARGET = 16.2;
				MACOSX_DEPLOYMENT_TARGET = 12.6;
				MARKETING_VERSION = 1.0;
				PRODUCT_BUNDLE_IDENTIFIER = com.pankajwadhwa.PWChatGPTTests;
				PRODUCT_NAME = "$(TARGET_NAME)";
				SDKROOT = auto;
				SUPPORTED_PLATFORMS = "iphoneos iphonesimulator macosx";
				SWIFT_EMIT_LOC_STRINGS = NO;
				SWIFT_VERSION = 5.0;
				TARGETED_DEVICE_FAMILY = "1,2";
				TEST_HOST = "$(BUILT_PRODUCTS_DIR)/PWChatGPT.app/$(BUNDLE_EXECUTABLE_FOLDER_PATH)/PWChatGPT";
			};
			name = Debug;
		};
		2CB3A50A2A837CCC00DF02D2 /* Release */ = {
			isa = XCBuildConfiguration;
			buildSettings = {
				ALWAYS_EMBED_SWIFT_STANDARD_LIBRARIES = YES;
				BUNDLE_LOADER = "$(TEST_HOST)";
				CODE_SIGN_STYLE = Automatic;
				CURRENT_PROJECT_VERSION = 1;
				GENERATE_INFOPLIST_FILE = YES;
				IPHONEOS_DEPLOYMENT_TARGET = 16.2;
				MACOSX_DEPLOYMENT_TARGET = 12.6;
				MARKETING_VERSION = 1.0;
				PRODUCT_BUNDLE_IDENTIFIER = com.pankajwadhwa.PWChatGPTTests;
				PRODUCT_NAME = "$(TARGET_NAME)";
				SDKROOT = auto;
				SUPPORTED_PLATFORMS = "iphoneos iphonesimulator macosx";
				SWIFT_EMIT_LOC_STRINGS = NO;
				SWIFT_VERSION = 5.0;
				TARGETED_DEVICE_FAMILY = "1,2";
				TEST_HOST = "$(BUILT_PRODUCTS_DIR)/PWChatGPT.app/$(BUNDLE_EXECUTABLE_FOLDER_PATH)/PWChatGPT";
			};
			name = Release;
		};
		2CB3A50C2A837CCC00DF02D2 /* Debug */ = {
			isa = XCBuildConfiguration;
			buildSettings = {
				ALWAYS_EMBED_SWIFT_STANDARD_LIBRARIES = YES;
				CODE_SIGN_STYLE = Automatic;
				CURRENT_PROJECT_VERSION = 1;
				GENERATE_INFOPLIST_FILE = YES;
				IPHONEOS_DEPLOYMENT_TARGET = 16.2;
				MACOSX_DEPLOYMENT_TARGET = 12.6;
				MARKETING_VERSION = 1.0;
				PRODUCT_BUNDLE_IDENTIFIER = com.pankajwadhwa.PWChatGPTUITests;
				PRODUCT_NAME = "$(TARGET_NAME)";
				SDKROOT = auto;
				SUPPORTED_PLATFORMS = "iphoneos iphonesimulator macosx";
				SWIFT_EMIT_LOC_STRINGS = NO;
				SWIFT_VERSION = 5.0;
				TARGETED_DEVICE_FAMILY = "1,2";
				TEST_TARGET_NAME = PWChatGPT;
			};
			name = Debug;
		};
		2CB3A50D2A837CCC00DF02D2 /* Release */ = {
			isa = XCBuildConfiguration;
			buildSettings = {
				ALWAYS_EMBED_SWIFT_STANDARD_LIBRARIES = YES;
				CODE_SIGN_STYLE = Automatic;
				CURRENT_PROJECT_VERSION = 1;
				GENERATE_INFOPLIST_FILE = YES;
				IPHONEOS_DEPLOYMENT_TARGET = 16.2;
				MACOSX_DEPLOYMENT_TARGET = 12.6;
				MARKETING_VERSION = 1.0;
				PRODUCT_BUNDLE_IDENTIFIER = com.pankajwadhwa.PWChatGPTUITests;
				PRODUCT_NAME = "$(TARGET_NAME)";
				SDKROOT = auto;
				SUPPORTED_PLATFORMS = "iphoneos iphonesimulator macosx";
				SWIFT_EMIT_LOC_STRINGS = NO;
				SWIFT_VERSION = 5.0;
				TARGETED_DEVICE_FAMILY = "1,2";
				TEST_TARGET_NAME = PWChatGPT;
			};
			name = Release;
		};
/* End XCBuildConfiguration section */

/* Begin XCConfigurationList section */
		2CB3A4DB2A837CC900DF02D2 /* Build configuration list for PBXProject "PWChatGPT" */ = {
			isa = XCConfigurationList;
			buildConfigurations = (
				2CB3A5032A837CCC00DF02D2 /* Debug */,
				2CB3A5042A837CCC00DF02D2 /* Release */,
			);
			defaultConfigurationIsVisible = 0;
			defaultConfigurationName = Release;
		};
		2CB3A5052A837CCC00DF02D2 /* Build configuration list for PBXNativeTarget "PWChatGPT" */ = {
			isa = XCConfigurationList;
			buildConfigurations = (
				2CB3A5062A837CCC00DF02D2 /* Debug */,
				2CB3A5072A837CCC00DF02D2 /* Release */,
			);
			defaultConfigurationIsVisible = 0;
			defaultConfigurationName = Release;
		};
		2CB3A5082A837CCC00DF02D2 /* Build configuration list for PBXNativeTarget "PWChatGPTTests" */ = {
			isa = XCConfigurationList;
			buildConfigurations = (
				2CB3A5092A837CCC00DF02D2 /* Debug */,
				2CB3A50A2A837CCC00DF02D2 /* Release */,
			);
			defaultConfigurationIsVisible = 0;
			defaultConfigurationName = Release;
		};
		2CB3A50B2A837CCC00DF02D2 /* Build configuration list for PBXNativeTarget "PWChatGPTUITests" */ = {
			isa = XCConfigurationList;
			buildConfigurations = (
				2CB3A50C2A837CCC00DF02D2 /* Debug */,
				2CB3A50D2A837CCC00DF02D2 /* Release */,
			);
			defaultConfigurationIsVisible = 0;
			defaultConfigurationName = Release;
		};
/* End XCConfigurationList section */
	};
	rootObject = 2CB3A4D82A837CC900DF02D2 /* Project object */;
}
